
Microsoft Visual Studio Solution File, Format Version 12.00
# Visual Studio Version 16
VisualStudioVersion = 16.0.30413.136
MinimumVisualStudioVersion = 10.0.40219.1
Project("{9A19103F-16F7-4668-BE54-9A1E7A4F7556}") = "Traveling Sales Problem", "Traveling Sales Problem\Traveling Sales Problem.csproj", "{CD80C377-B46B-4A42-BE85-FC86B686F546}"
EndProject
Global
	GlobalSection(SolutionConfigurationPlatforms) = preSolution
		Debug|Any CPU = Debug|Any CPU
		Release|Any CPU = Release|Any CPU
	EndGlobalSection
	GlobalSection(ProjectConfigurationPlatforms) = postSolution
		{CD80C377-B46B-4A42-BE85-FC86B686F546}.Debug|Any CPU.ActiveCfg = Debug|Any CPU
		{CD80C377-B46B-4A42-BE85-FC86B686F546}.Debug|Any CPU.Build.0 = Debug|Any CPU
		{CD80C377-B46B-4A42-BE85-FC86B686F546}.Release|Any CPU.ActiveCfg = Release|Any CPU
		{CD80C377-B46B-4A42-BE85-FC86B686F546}.Release|Any CPU.Build.0 = Release|Any CPU
	EndGlobalSection
	GlobalSection(SolutionProperties) = preSolution
		HideSolutionNode = FALSE
	EndGlobalSection
	GlobalSection(ExtensibilityGlobals) = postSolution
		SolutionGuid = {FF0C7254-F40F-463E-B4AF-5518EE926ACC}
	EndGlobalSection
EndGlobal
